
Microsoft Visual Studio Solution File, Format Version 12.00
# Visual Studio Version 16
VisualStudioVersion = 16.0.31129.286
MinimumVisualStudioVersion = 10.0.40219.1
Project("{FAE04EC0-301F-11D3-BF4B-00C04F79EFBC}") = "SignarRWebAPIDemo", "SignarRWebAPIDemo\SignarRWebAPIDemo.csproj", "{56D53576-0C4F-4351-876B-661221A01A75}"
EndProject
Global
	GlobalSection(SolutionConfigurationPlatforms) = preSolution
		Debug|Any CPU = Debug|Any CPU
		Release|Any CPU = Release|Any CPU
	EndGlobalSection
	GlobalSection(ProjectConfigurationPlatforms) = postSolution
		{56D53576-0C4F-4351-876B-661221A01A75}.Debug|Any CPU.ActiveCfg = Debug|Any CPU
		{56D53576-0C4F-4351-876B-661221A01A75}.Debug|Any CPU.Build.0 = Debug|Any CPU
		{56D53576-0C4F-4351-876B-661221A01A75}.Release|Any CPU.ActiveCfg = Release|Any CPU
		{56D53576-0C4F-4351-876B-661221A01A75}.Release|Any CPU.Build.0 = Release|Any CPU
	EndGlobalSection
	GlobalSection(SolutionProperties) = preSolution
		HideSolutionNode = FALSE
	EndGlobalSection
	GlobalSection(ExtensibilityGlobals) = postSolution
		SolutionGuid = {3C946BEB-63B0-4CD5-A4E8-D9CA00667F4C}
	EndGlobalSection
EndGlobal
